
Microsoft Visual Studio Solution File, Format Version 12.00
# Visual Studio Version 16
VisualStudioVersion = 16.0.32106.194
MinimumVisualStudioVersion = 10.0.40219.1
Project("{FAE04EC0-301F-11D3-BF4B-00C04F79EFBC}") = "DataAccess", "DataAccess\DataAccess.csproj", "{5A6E7FC8-F169-420D-BB5B-38C64D564469}"
EndProject
Project("{FAE04EC0-301F-11D3-BF4B-00C04F79EFBC}") = "Business", "Business\Business.csproj", "{7C5990FE-A466-43DD-BA7F-C5A2F1142E7A}"
EndProject
Project("{FAE04EC0-301F-11D3-BF4B-00C04F79EFBC}") = "Entities", "Entities\Entities.csproj", "{6FD26F77-BBE8-405D-84F4-E82278F7F8D9}"
EndProject
Project("{FAE04EC0-301F-11D3-BF4B-00C04F79EFBC}") = "ConsoleUI", "ConsoleUI\ConsoleUI.csproj", "{EC4DFCCD-4AFF-43D3-9556-A3151F326857}"
EndProject
Global
	GlobalSection(SolutionConfigurationPlatforms) = preSolution
		Debug|Any CPU = Debug|Any CPU
		Release|Any CPU = Release|Any CPU
	EndGlobalSection
	GlobalSection(ProjectConfigurationPlatforms) = postSolution
		{5A6E7FC8-F169-420D-BB5B-38C64D564469}.Debug|Any CPU.ActiveCfg = Debug|Any CPU
		{5A6E7FC8-F169-420D-BB5B-38C64D564469}.Debug|Any CPU.Build.0 = Debug|Any CPU
		{5A6E7FC8-F169-420D-BB5B-38C64D564469}.Release|Any CPU.ActiveCfg = Release|Any CPU
		{5A6E7FC8-F169-420D-BB5B-38C64D564469}.Release|Any CPU.Build.0 = Release|Any CPU
		{7C5990FE-A466-43DD-BA7F-C5A2F1142E7A}.Debug|Any CPU.ActiveCfg = Debug|Any CPU
		{7C5990FE-A466-43DD-BA7F-C5A2F1142E7A}.Debug|Any CPU.Build.0 = Debug|Any CPU
		{7C5990FE-A466-43DD-BA7F-C5A2F1142E7A}.Release|Any CPU.ActiveCfg = Release|Any CPU
		{7C5990FE-A466-43DD-BA7F-C5A2F1142E7A}.Release|Any CPU.Build.0 = Release|Any CPU
		{6FD26F77-BBE8-405D-84F4-E82278F7F8D9}.Debug|Any CPU.ActiveCfg = Debug|Any CPU
		{6FD26F77-BBE8-405D-84F4-E82278F7F8D9}.Debug|Any CPU.Build.0 = Debug|Any CPU
		{6FD26F77-BBE8-405D-84F4-E82278F7F8D9}.Release|Any CPU.ActiveCfg = Release|Any CPU
		{6FD26F77-BBE8-405D-84F4-E82278F7F8D9}.Release|Any CPU.Build.0 = Release|Any CPU
		{EC4DFCCD-4AFF-43D3-9556-A3151F326857}.Debug|Any CPU.ActiveCfg = Debug|Any CPU
		{EC4DFCCD-4AFF-43D3-9556-A3151F326857}.Debug|Any CPU.Build.0 = Debug|Any CPU
		{EC4DFCCD-4AFF-43D3-9556-A3151F326857}.Release|Any CPU.ActiveCfg = Release|Any CPU
		{EC4DFCCD-4AFF-43D3-9556-A3151F326857}.Release|Any CPU.Build.0 = Release|Any CPU
	EndGlobalSection
	GlobalSection(SolutionProperties) = preSolution
		HideSolutionNode = FALSE
	EndGlobalSection
	GlobalSection(ExtensibilityGlobals) = postSolution
		SolutionGuid = {1548CD6D-ADB5-421F-9054-AB45229BF881}
	EndGlobalSection
EndGlobal
